
Microsoft Visual Studio Solution File, Format Version 12.00
# Visual Studio Version 16
VisualStudioVersion = 16.0.29728.190
MinimumVisualStudioVersion = 10.0.40219.1
Project("{FAE04EC0-301F-11D3-BF4B-00C04F79EFBC}") = "Mappet", "Mappet.csproj", "{0EBC7B31-8218-47E8-80FF-5B35445AC50C}"
EndProject
Global
	GlobalSection(SolutionConfigurationPlatforms) = preSolution
		Debug|Any CPU = Debug|Any CPU
		Release|Any CPU = Release|Any CPU
	EndGlobalSection
	GlobalSection(ProjectConfigurationPlatforms) = postSolution
		{0EBC7B31-8218-47E8-80FF-5B35445AC50C}.Debug|Any CPU.ActiveCfg = Debug|Any CPU
		{0EBC7B31-8218-47E8-80FF-5B35445AC50C}.Debug|Any CPU.Build.0 = Debug|Any CPU
		{0EBC7B31-8218-47E8-80FF-5B35445AC50C}.Release|Any CPU.ActiveCfg = Release|Any CPU
		{0EBC7B31-8218-47E8-80FF-5B35445AC50C}.Release|Any CPU.Build.0 = Release|Any CPU
	EndGlobalSection
	GlobalSection(SolutionProperties) = preSolution
		HideSolutionNode = FALSE
	EndGlobalSection
	GlobalSection(ExtensibilityGlobals) = postSolution
		SolutionGuid = {7C34D2F2-8D88-4007-832F-64E5D68B8965}
	EndGlobalSection
EndGlobal
